
Microsoft Visual Studio Solution File, Format Version 12.00
# Visual Studio Version 17
VisualStudioVersion = 17.4.33205.214
MinimumVisualStudioVersion = 10.0.40219.1
Project("{FAE04EC0-301F-11D3-BF4B-00C04F79EFBC}") = "Zero.Ecs", "Zero.Ecs\Zero.Ecs.csproj", "{38C3B1E6-62BD-4432-85E5-B013FC486466}"
EndProject
Global
	GlobalSection(SolutionConfigurationPlatforms) = preSolution
		Debug|Any CPU = Debug|Any CPU
		Release|Any CPU = Release|Any CPU
	EndGlobalSection
	GlobalSection(ProjectConfigurationPlatforms) = postSolution
		{38C3B1E6-62BD-4432-85E5-B013FC486466}.Debug|Any CPU.ActiveCfg = Debug|Any CPU
		{38C3B1E6-62BD-4432-85E5-B013FC486466}.Debug|Any CPU.Build.0 = Debug|Any CPU
		{38C3B1E6-62BD-4432-85E5-B013FC486466}.Release|Any CPU.ActiveCfg = Release|Any CPU
		{38C3B1E6-62BD-4432-85E5-B013FC486466}.Release|Any CPU.Build.0 = Release|Any CPU
	EndGlobalSection
	GlobalSection(SolutionProperties) = preSolution
		HideSolutionNode = FALSE
	EndGlobalSection
	GlobalSection(ExtensibilityGlobals) = postSolution
		SolutionGuid = {18C80571-E078-49A9-81ED-6D27864364BC}
	EndGlobalSection
EndGlobal
